
Microsoft Visual Studio Solution File, Format Version 12.00
# Visual Studio Version 16
VisualStudioVersion = 16.0.31624.102
MinimumVisualStudioVersion = 10.0.40219.1
Project("{FAE04EC0-301F-11D3-BF4B-00C04F79EFBC}") = "MyLibs.Serialisation", "MyLibs.Serialisation\MyLibs.Serialisation.csproj", "{70C1662C-3971-47E7-A80B-9E01D172B7FB}"
EndProject
Global
	GlobalSection(SolutionConfigurationPlatforms) = preSolution
		Debug|Any CPU = Debug|Any CPU
		Release|Any CPU = Release|Any CPU
	EndGlobalSection
	GlobalSection(ProjectConfigurationPlatforms) = postSolution
		{70C1662C-3971-47E7-A80B-9E01D172B7FB}.Debug|Any CPU.ActiveCfg = Debug|Any CPU
		{70C1662C-3971-47E7-A80B-9E01D172B7FB}.Debug|Any CPU.Build.0 = Debug|Any CPU
		{70C1662C-3971-47E7-A80B-9E01D172B7FB}.Release|Any CPU.ActiveCfg = Release|Any CPU
		{70C1662C-3971-47E7-A80B-9E01D172B7FB}.Release|Any CPU.Build.0 = Release|Any CPU
	EndGlobalSection
	GlobalSection(SolutionProperties) = preSolution
		HideSolutionNode = FALSE
	EndGlobalSection
	GlobalSection(ExtensibilityGlobals) = postSolution
		SolutionGuid = {5795E032-B6E4-45BA-8CA3-F7AAE782DEBB}
	EndGlobalSection
EndGlobal
